// !$*UTF8*$!
{
	archiveVersion = 1;
	classes = {
	};
	objectVersion = 46;
	objects = {

/* Begin PBXBuildFile section */
		C24862221BFA2521009D0AAB /* QuartzCore.framework in Frameworks */ = {isa = PBXBuildFile; fileRef = C24862211BFA2521009D0AAB /* QuartzCore.framework */; };
		C24862241BFA252C009D0AAB /* CoreMedia.framework in Frameworks */ = {isa = PBXBuildFile; fileRef = C24862231BFA252C009D0AAB /* CoreMedia.framework */; };
		C24862251BFA2535009D0AAB /* UIKit.framework in Frameworks */ = {isa = PBXBuildFile; fileRef = C294B5FC1BF9FE4800EE618B /* UIKit.framework */; };
		C24862271BFA253E009D0AAB /* Foundation.framework in Frameworks */ = {isa = PBXBuildFile; fileRef = C24862261BFA253E009D0AAB /* Foundation.framework */; };
		C24862291BFA2545009D0AAB /* CoreGraphics.framework in Frameworks */ = {isa = PBXBuildFile; fileRef = C24862281BFA2545009D0AAB /* CoreGraphics.framework */; };
		C294B5E01BF9D91700EE618B /* RNWatermark.h in CopyFiles */ = {isa = PBXBuildFile; fileRef = C294B5DF1BF9D91700EE618B /* RNWatermark.h */; };
		C294B5E21BF9D91700EE618B /* RNWatermark.m in Sources */ = {isa = PBXBuildFile; fileRef = C294B5E11BF9D91700EE618B /* RNWatermark.m */; };
		C294B5FF1BF9FE7C00EE618B /* AVFoundation.framework in Frameworks */ = {isa = PBXBuildFile; fileRef = C294B5FE1BF9FE7C00EE618B /* AVFoundation.framework */; };
		C2DA1F6A1BFA3A9000745B50 /* AssetsLibrary.framework in Frameworks */ = {isa = PBXBuildFile; fileRef = C2DA1F691BFA3A9000745B50 /* AssetsLibrary.framework */; };
/* End PBXBuildFile section */

/* Begin PBXCopyFilesBuildPhase section */
		C294B5DA1BF9D91700EE618B /* CopyFiles */ = {
			isa = PBXCopyFilesBuildPhase;
			buildActionMask = 2147483647;
			dstPath = "include/$(PRODUCT_NAME)";
			dstSubfolderSpec = 16;
			files = (
				C294B5E01BF9D91700EE618B /* RNWatermark.h in CopyFiles */,
			);
			runOnlyForDeploymentPostprocessing = 0;
		};
/* End PBXCopyFilesBuildPhase section */

/* Begin PBXFileReference section */
		C24862211BFA2521009D0AAB /* QuartzCore.framework */ = {isa = PBXFileReference; lastKnownFileType = wrapper.framework; name = QuartzCore.framework; path = System/Library/Frameworks/QuartzCore.framework; sourceTree = SDKROOT; };
		C24862231BFA252C009D0AAB /* CoreMedia.framework */ = {isa = PBXFileReference; lastKnownFileType = wrapper.framework; name = CoreMedia.framework; path = System/Library/Frameworks/CoreMedia.framework; sourceTree = SDKROOT; };
		C24862261BFA253E009D0AAB /* Foundation.framework */ = {isa = PBXFileReference; lastKnownFileType = wrapper.framework; name = Foundation.framework; path = System/Library/Frameworks/Foundation.framework; sourceTree = SDKROOT; };
		C24862281BFA2545009D0AAB /* CoreGraphics.framework */ = {isa = PBXFileReference; lastKnownFileType = wrapper.framework; name = CoreGraphics.framework; path = System/Library/Frameworks/CoreGraphics.framework; sourceTree = SDKROOT; };
		C294B5DC1BF9D91700EE618B /* libRNWatermark.a */ = {isa = PBXFileReference; explicitFileType = archive.ar; includeInIndex = 0; path = libRNWatermark.a; sourceTree = BUILT_PRODUCTS_DIR; };
		C294B5DF1BF9D91700EE618B /* RNWatermark.h */ = {isa = PBXFileReference; lastKnownFileType = sourcecode.c.h; path = RNWatermark.h; sourceTree = "<group>"; };
		C294B5E11BF9D91700EE618B /* RNWatermark.m */ = {isa = PBXFileReference; lastKnownFileType = sourcecode.c.objc; path = RNWatermark.m; sourceTree = "<group>"; };
		C294B5FC1BF9FE4800EE618B /* UIKit.framework */ = {isa = PBXFileReference; lastKnownFileType = wrapper.framework; name = UIKit.framework; path = System/Library/Frameworks/UIKit.framework; sourceTree = SDKROOT; };
		C294B5FE1BF9FE7C00EE618B /* AVFoundation.framework */ = {isa = PBXFileReference; lastKnownFileType = wrapper.framework; name = AVFoundation.framework; path = System/Library/Frameworks/AVFoundation.framework; sourceTree = SDKROOT; };
		C2DA1F691BFA3A9000745B50 /* AssetsLibrary.framework */ = {isa = PBXFileReference; lastKnownFileType = wrapper.framework; name = AssetsLibrary.framework; path = System/Library/Frameworks/AssetsLibrary.framework; sourceTree = SDKROOT; };
		C2DA1F6B1BFA3D1200745B50 /* Frame-1.png */ = {isa = PBXFileReference; lastKnownFileType = image.png; path = "Frame-1.png"; sourceTree = "<group>"; };
/* End PBXFileReference section */

/* Begin PBXFrameworksBuildPhase section */
		C294B5D91BF9D91700EE618B /* Frameworks */ = {
			isa = PBXFrameworksBuildPhase;
			buildActionMask = 2147483647;
			files = (
				C2DA1F6A1BFA3A9000745B50 /* AssetsLibrary.framework in Frameworks */,
				C24862291BFA2545009D0AAB /* CoreGraphics.framework in Frameworks */,
				C24862271BFA253E009D0AAB /* Foundation.framework in Frameworks */,
				C24862251BFA2535009D0AAB /* UIKit.framework in Frameworks */,
				C24862241BFA252C009D0AAB /* CoreMedia.framework in Frameworks */,
				C24862221BFA2521009D0AAB /* QuartzCore.framework in Frameworks */,
				C294B5FF1BF9FE7C00EE618B /* AVFoundation.framework in Frameworks */,
			);
			runOnlyForDeploymentPostprocessing = 0;
		};
/* End PBXFrameworksBuildPhase section */

/* Begin PBXGroup section */
		C294B5D31BF9D91700EE618B = {
			isa = PBXGroup;
			children = (
				C2DA1F6B1BFA3D1200745B50 /* Frame-1.png */,
				C2DA1F691BFA3A9000745B50 /* AssetsLibrary.framework */,
				C24862281BFA2545009D0AAB /* CoreGraphics.framework */,
				C24862261BFA253E009D0AAB /* Foundation.framework */,
				C24862231BFA252C009D0AAB /* CoreMedia.framework */,
				C24862211BFA2521009D0AAB /* QuartzCore.framework */,
				C294B5FE1BF9FE7C00EE618B /* AVFoundation.framework */,
				C294B5FC1BF9FE4800EE618B /* UIKit.framework */,
				C294B5DE1BF9D91700EE618B /* RNWatermark */,
				C294B5DD1BF9D91700EE618B /* Products */,
			);
			sourceTree = "<group>";
		};
		C294B5DD1BF9D91700EE618B /* Products */ = {
			isa = PBXGroup;
			children = (
				C294B5DC1BF9D91700EE618B /* libRNWatermark.a */,
			);
			name = Products;
			sourceTree = "<group>";
		};
		C294B5DE1BF9D91700EE618B /* RNWatermark */ = {
			isa = PBXGroup;
			children = (
				C294B5DF1BF9D91700EE618B /* RNWatermark.h */,
				C294B5E11BF9D91700EE618B /* RNWatermark.m */,
			);
			path = RNWatermark;
			sourceTree = "<group>";
		};
/* End PBXGroup section */

/* Begin PBXNativeTarget section */
		C294B5DB1BF9D91700EE618B /* RNWatermark */ = {
			isa = PBXNativeTarget;
			buildConfigurationList = C294B5E51BF9D91700EE618B /* Build configuration list for PBXNativeTarget "RNWatermark" */;
			buildPhases = (
				C294B5D81BF9D91700EE618B /* Sources */,
				C294B5D91BF9D91700EE618B /* Frameworks */,
				C294B5DA1BF9D91700EE618B /* CopyFiles */,
			);
			buildRules = (
			);
			dependencies = (
			);
			name = RNWatermark;
			productName = RNWatermark;
			productReference = C294B5DC1BF9D91700EE618B /* libRNWatermark.a */;
			productType = "com.apple.product-type.library.static";
		};
/* End PBXNativeTarget section */

/* Begin PBXProject section */
		C294B5D41BF9D91700EE618B /* Project object */ = {
			isa = PBXProject;
			attributes = {
				LastUpgradeCheck = 0710;
				ORGANIZATIONNAME = watzak;
				TargetAttributes = {
					C294B5DB1BF9D91700EE618B = {
						CreatedOnToolsVersion = 7.1;
					};
				};
			};
			buildConfigurationList = C294B5D71BF9D91700EE618B /* Build configuration list for PBXProject "RNWatermark" */;
			compatibilityVersion = "Xcode 3.2";
			developmentRegion = English;
			hasScannedForEncodings = 0;
			knownRegions = (
				en,
			);
			mainGroup = C294B5D31BF9D91700EE618B;
			productRefGroup = C294B5DD1BF9D91700EE618B /* Products */;
			projectDirPath = "";
			projectRoot = "";
			targets = (
				C294B5DB1BF9D91700EE618B /* RNWatermark */,
			);
		};
/* End PBXProject section */

/* Begin PBXSourcesBuildPhase section */
		C294B5D81BF9D91700EE618B /* Sources */ = {
			isa = PBXSourcesBuildPhase;
			buildActionMask = 2147483647;
			files = (
				C294B5E21BF9D91700EE618B /* RNWatermark.m in Sources */,
			);
			runOnlyForDeploymentPostprocessing = 0;
		};
/* End PBXSourcesBuildPhase section */

/* Begin XCBuildConfiguration section */
		C294B5E31BF9D91700EE618B /* Debug */ = {
			isa = XCBuildConfiguration;
			buildSettings = {
				ALWAYS_SEARCH_USER_PATHS = NO;
				CLANG_CXX_LANGUAGE_STANDARD = "gnu++0x";
				CLANG_CXX_LIBRARY = "libc++";
				CLANG_ENABLE_MODULES = YES;
				CLANG_ENABLE_OBJC_ARC = YES;
				CLANG_WARN_BOOL_CONVERSION = YES;
				CLANG_WARN_CONSTANT_CONVERSION = YES;
				CLANG_WARN_DIRECT_OBJC_ISA_USAGE = YES_ERROR;
				CLANG_WARN_EMPTY_BODY = YES;
				CLANG_WARN_ENUM_CONVERSION = YES;
				CLANG_WARN_INT_CONVERSION = YES;
				CLANG_WARN_OBJC_ROOT_CLASS = YES_ERROR;
				CLANG_WARN_UNREACHABLE_CODE = YES;
				CLANG_WARN__DUPLICATE_METHOD_MATCH = YES;
				"CODE_SIGN_IDENTITY[sdk=iphoneos*]" = "iPhone Developer";
				COPY_PHASE_STRIP = NO;
				DEBUG_INFORMATION_FORMAT = dwarf;
				ENABLE_STRICT_OBJC_MSGSEND = YES;
				ENABLE_TESTABILITY = YES;
				GCC_C_LANGUAGE_STANDARD = gnu99;
				GCC_DYNAMIC_NO_PIC = NO;
				GCC_NO_COMMON_BLOCKS = YES;
				GCC_OPTIMIZATION_LEVEL = 0;
				GCC_PREPROCESSOR_DEFINITIONS = (
					"DEBUG=1",
					"$(inherited)",
				);
				GCC_WARN_64_TO_32_BIT_CONVERSION = YES;
				GCC_WARN_ABOUT_RETURN_TYPE = YES_ERROR;
				GCC_WARN_UNDECLARED_SELECTOR = YES;
				GCC_WARN_UNINITIALIZED_AUTOS = YES_AGGRESSIVE;
				GCC_WARN_UNUSED_FUNCTION = YES;
				GCC_WARN_UNUSED_VARIABLE = YES;
				IPHONEOS_DEPLOYMENT_TARGET = 9.1;
				MTL_ENABLE_DEBUG_INFO = YES;
				ONLY_ACTIVE_ARCH = YES;
				SDKROOT = iphoneos;
			};
			name = Debug;
		};
		C294B5E41BF9D91700EE618B /* Release */ = {
			isa = XCBuildConfiguration;
			buildSettings = {
				ALWAYS_SEARCH_USER_PATHS = NO;
				CLANG_CXX_LANGUAGE_STANDARD = "gnu++0x";
				CLANG_CXX_LIBRARY = "libc++";
				CLANG_ENABLE_MODULES = YES;
				CLANG_ENABLE_OBJC_ARC = YES;
				CLANG_WARN_BOOL_CONVERSION = YES;
				CLANG_WARN_CONSTANT_CONVERSION = YES;
				CLANG_WARN_DIRECT_OBJC_ISA_USAGE = YES_ERROR;
				CLANG_WARN_EMPTY_BODY = YES;
				CLANG_WARN_ENUM_CONVERSION = YES;
				CLANG_WARN_INT_CONVERSION = YES;
				CLANG_WARN_OBJC_ROOT_CLASS = YES_ERROR;
				CLANG_WARN_UNREACHABLE_CODE = YES;
				CLANG_WARN__DUPLICATE_METHOD_MATCH = YES;
				"CODE_SIGN_IDENTITY[sdk=iphoneos*]" = "iPhone Developer";
				COPY_PHASE_STRIP = NO;
				DEBUG_INFORMATION_FORMAT = "dwarf-with-dsym";
				ENABLE_NS_ASSERTIONS = NO;
				ENABLE_STRICT_OBJC_MSGSEND = YES;
				GCC_C_LANGUAGE_STANDARD = gnu99;
				GCC_NO_COMMON_BLOCKS = YES;
				GCC_WARN_64_TO_32_BIT_CONVERSION = YES;
				GCC_WARN_ABOUT_RETURN_TYPE = YES_ERROR;
				GCC_WARN_UNDECLARED_SELECTOR = YES;
				GCC_WARN_UNINITIALIZED_AUTOS = YES_AGGRESSIVE;
				GCC_WARN_UNUSED_FUNCTION = YES;
				GCC_WARN_UNUSED_VARIABLE = YES;
				IPHONEOS_DEPLOYMENT_TARGET = 9.1;
				MTL_ENABLE_DEBUG_INFO = NO;
				SDKROOT = iphoneos;
				VALIDATE_PRODUCT = YES;
			};
			name = Release;
		};
		C294B5E61BF9D91700EE618B /* Debug */ = {
			isa = XCBuildConfiguration;
			buildSettings = {
				HEADER_SEARCH_PATHS = (
					"$(SRCROOT)/node_modules/react-native/React/**",
					"$(SRCROOT)/../react-native/React/**",
				);
				OTHER_LDFLAGS = "-ObjC";
				PRODUCT_NAME = "$(TARGET_NAME)";
				SKIP_INSTALL = YES;
			};
			name = Debug;
		};
		C294B5E71BF9D91700EE618B /* Release */ = {
			isa = XCBuildConfiguration;
			buildSettings = {
				HEADER_SEARCH_PATHS = (
					"$(SRCROOT)/node_modules/react-native/React/**",
					"$(SRCROOT)/../react-native/React/**",
				);
				OTHER_LDFLAGS = "-ObjC";
				PRODUCT_NAME = "$(TARGET_NAME)";
				SKIP_INSTALL = YES;
			};
			name = Release;
		};
/* End XCBuildConfiguration section */

/* Begin XCConfigurationList section */
		C294B5D71BF9D91700EE618B /* Build configuration list for PBXProject "RNWatermark" */ = {
			isa = XCConfigurationList;
			buildConfigurations = (
				C294B5E31BF9D91700EE618B /* Debug */,
				C294B5E41BF9D91700EE618B /* Release */,
			);
			defaultConfigurationIsVisible = 0;
			defaultConfigurationName = Release;
		};
		C294B5E51BF9D91700EE618B /* Build configuration list for PBXNativeTarget "RNWatermark" */ = {
			isa = XCConfigurationList;
			buildConfigurations = (
				C294B5E61BF9D91700EE618B /* Debug */,
				C294B5E71BF9D91700EE618B /* Release */,
			);
			defaultConfigurationIsVisible = 0;
			defaultConfigurationName = Release;
		};
/* End XCConfigurationList section */
	};
	rootObject = C294B5D41BF9D91700EE618B /* Project object */;
}
